// !$*UTF8*$!
{
	archiveVersion = 1;
	classes = {
	};
	objectVersion = 56;
	objects = {

/* Begin PBXBuildFile section */
		84314D69298EC76400B2E133 /* ViewModel.swift in Sources */ = {isa = PBXBuildFile; fileRef = 84314D68298EC76300B2E133 /* ViewModel.swift */; };
		848E74F7298E4ACC006EE0E1 /* CitiesApp.swift in Sources */ = {isa = PBXBuildFile; fileRef = 848E74F6298E4ACC006EE0E1 /* CitiesApp.swift */; };
		848E74F9298E4ACC006EE0E1 /* ContentView.swift in Sources */ = {isa = PBXBuildFile; fileRef = 848E74F8298E4ACC006EE0E1 /* ContentView.swift */; };
		848E74FB298E4ACE006EE0E1 /* Assets.xcassets in Resources */ = {isa = PBXBuildFile; fileRef = 848E74FA298E4ACE006EE0E1 /* Assets.xcassets */; };
		848E74FE298E4ACE006EE0E1 /* Preview Assets.xcassets in Resources */ = {isa = PBXBuildFile; fileRef = 848E74FD298E4ACE006EE0E1 /* Preview Assets.xcassets */; };
		848E7508298E4ACE006EE0E1 /* CitiesTests.swift in Sources */ = {isa = PBXBuildFile; fileRef = 848E7507298E4ACE006EE0E1 /* CitiesTests.swift */; };
		848E7512298E4ACF006EE0E1 /* CitiesUITests.swift in Sources */ = {isa = PBXBuildFile; fileRef = 848E7511298E4ACF006EE0E1 /* CitiesUITests.swift */; };
		848E7514298E4ACF006EE0E1 /* CitiesUITestsLaunchTests.swift in Sources */ = {isa = PBXBuildFile; fileRef = 848E7513298E4ACF006EE0E1 /* CitiesUITestsLaunchTests.swift */; };
/* End PBXBuildFile section */

/* Begin PBXContainerItemProxy section */
		848E7504298E4ACE006EE0E1 /* PBXContainerItemProxy */ = {
			isa = PBXContainerItemProxy;
			containerPortal = 848E74EB298E4ACC006EE0E1 /* Project object */;
			proxyType = 1;
			remoteGlobalIDString = 848E74F2298E4ACC006EE0E1;
			remoteInfo = Cities;
		};
		848E750E298E4ACF006EE0E1 /* PBXContainerItemProxy */ = {
			isa = PBXContainerItemProxy;
			containerPortal = 848E74EB298E4ACC006EE0E1 /* Project object */;
			proxyType = 1;
			remoteGlobalIDString = 848E74F2298E4ACC006EE0E1;
			remoteInfo = Cities;
		};
/* End PBXContainerItemProxy section */

/* Begin PBXFileReference section */
		84314D68298EC76300B2E133 /* ViewModel.swift */ = {isa = PBXFileReference; lastKnownFileType = sourcecode.swift; path = ViewModel.swift; sourceTree = "<group>"; };
		848E74F3298E4ACC006EE0E1 /* Cities.app */ = {isa = PBXFileReference; explicitFileType = wrapper.application; includeInIndex = 0; path = Cities.app; sourceTree = BUILT_PRODUCTS_DIR; };
		848E74F6298E4ACC006EE0E1 /* CitiesApp.swift */ = {isa = PBXFileReference; lastKnownFileType = sourcecode.swift; path = CitiesApp.swift; sourceTree = "<group>"; };
		848E74F8298E4ACC006EE0E1 /* ContentView.swift */ = {isa = PBXFileReference; lastKnownFileType = sourcecode.swift; path = ContentView.swift; sourceTree = "<group>"; };
		848E74FA298E4ACE006EE0E1 /* Assets.xcassets */ = {isa = PBXFileReference; lastKnownFileType = folder.assetcatalog; path = Assets.xcassets; sourceTree = "<group>"; };
		848E74FD298E4ACE006EE0E1 /* Preview Assets.xcassets */ = {isa = PBXFileReference; lastKnownFileType = folder.assetcatalog; path = "Preview Assets.xcassets"; sourceTree = "<group>"; };
		848E7503298E4ACE006EE0E1 /* CitiesTests.xctest */ = {isa = PBXFileReference; explicitFileType = wrapper.cfbundle; includeInIndex = 0; path = CitiesTests.xctest; sourceTree = BUILT_PRODUCTS_DIR; };
		848E7507298E4ACE006EE0E1 /* CitiesTests.swift */ = {isa = PBXFileReference; lastKnownFileType = sourcecode.swift; path = CitiesTests.swift; sourceTree = "<group>"; };
		848E750D298E4ACF006EE0E1 /* CitiesUITests.xctest */ = {isa = PBXFileReference; explicitFileType = wrapper.cfbundle; includeInIndex = 0; path = CitiesUITests.xctest; sourceTree = BUILT_PRODUCTS_DIR; };
		848E7511298E4ACF006EE0E1 /* CitiesUITests.swift */ = {isa = PBXFileReference; lastKnownFileType = sourcecode.swift; path = CitiesUITests.swift; sourceTree = "<group>"; };
		848E7513298E4ACF006EE0E1 /* CitiesUITestsLaunchTests.swift */ = {isa = PBXFileReference; lastKnownFileType = sourcecode.swift; path = CitiesUITestsLaunchTests.swift; sourceTree = "<group>"; };
/* End PBXFileReference section */

/* Begin PBXFrameworksBuildPhase section */
		848E74F0298E4ACC006EE0E1 /* Frameworks */ = {
			isa = PBXFrameworksBuildPhase;
			buildActionMask = 2147483647;
			files = (
			);
			runOnlyForDeploymentPostprocessing = 0;
		};
		848E7500298E4ACE006EE0E1 /* Frameworks */ = {
			isa = PBXFrameworksBuildPhase;
			buildActionMask = 2147483647;
			files = (
			);
			runOnlyForDeploymentPostprocessing = 0;
		};
		848E750A298E4ACF006EE0E1 /* Frameworks */ = {
			isa = PBXFrameworksBuildPhase;
			buildActionMask = 2147483647;
			files = (
			);
			runOnlyForDeploymentPostprocessing = 0;
		};
/* End PBXFrameworksBuildPhase section */

/* Begin PBXGroup section */
		848E74EA298E4ACC006EE0E1 = {
			isa = PBXGroup;
			children = (
				848E74F5298E4ACC006EE0E1 /* Cities */,
				848E7506298E4ACE006EE0E1 /* CitiesTests */,
				848E7510298E4ACF006EE0E1 /* CitiesUITests */,
				848E74F4298E4ACC006EE0E1 /* Products */,
			);
			sourceTree = "<group>";
		};
		848E74F4298E4ACC006EE0E1 /* Products */ = {
			isa = PBXGroup;
			children = (
				848E74F3298E4ACC006EE0E1 /* Cities.app */,
				848E7503298E4ACE006EE0E1 /* CitiesTests.xctest */,
				848E750D298E4ACF006EE0E1 /* CitiesUITests.xctest */,
			);
			name = Products;
			sourceTree = "<group>";
		};
		848E74F5298E4ACC006EE0E1 /* Cities */ = {
			isa = PBXGroup;
			children = (
				848E74F6298E4ACC006EE0E1 /* CitiesApp.swift */,
				848E74F8298E4ACC006EE0E1 /* ContentView.swift */,
				84314D68298EC76300B2E133 /* ViewModel.swift */,
				848E74FA298E4ACE006EE0E1 /* Assets.xcassets */,
				848E74FC298E4ACE006EE0E1 /* Preview Content */,
			);
			path = Cities;
			sourceTree = "<group>";
		};
		848E74FC298E4ACE006EE0E1 /* Preview Content */ = {
			isa = PBXGroup;
			children = (
				848E74FD298E4ACE006EE0E1 /* Preview Assets.xcassets */,
			);
			path = "Preview Content";
			sourceTree = "<group>";
		};
		848E7506298E4ACE006EE0E1 /* CitiesTests */ = {
			isa = PBXGroup;
			children = (
				848E7507298E4ACE006EE0E1 /* CitiesTests.swift */,
			);
			path = CitiesTests;
			sourceTree = "<group>";
		};
		848E7510298E4ACF006EE0E1 /* CitiesUITests */ = {
			isa = PBXGroup;
			children = (
				848E7511298E4ACF006EE0E1 /* CitiesUITests.swift */,
				848E7513298E4ACF006EE0E1 /* CitiesUITestsLaunchTests.swift */,
			);
			path = CitiesUITests;
			sourceTree = "<group>";
		};
/* End PBXGroup section */

/* Begin PBXNativeTarget section */
		848E74F2298E4ACC006EE0E1 /* Cities */ = {
			isa = PBXNativeTarget;
			buildConfigurationList = 848E7517298E4ACF006EE0E1 /* Build configuration list for PBXNativeTarget "Cities" */;
			buildPhases = (
				848E74EF298E4ACC006EE0E1 /* Sources */,
				848E74F0298E4ACC006EE0E1 /* Frameworks */,
				848E74F1298E4ACC006EE0E1 /* Resources */,
			);
			buildRules = (
			);
			dependencies = (
			);
			name = Cities;
			productName = Cities;
			productReference = 848E74F3298E4ACC006EE0E1 /* Cities.app */;
			productType = "com.apple.product-type.application";
		};
		848E7502298E4ACE006EE0E1 /* CitiesTests */ = {
			isa = PBXNativeTarget;
			buildConfigurationList = 848E751A298E4ACF006EE0E1 /* Build configuration list for PBXNativeTarget "CitiesTests" */;
			buildPhases = (
				848E74FF298E4ACE006EE0E1 /* Sources */,
				848E7500298E4ACE006EE0E1 /* Frameworks */,
				848E7501298E4ACE006EE0E1 /* Resources */,
			);
			buildRules = (
			);
			dependencies = (
				848E7505298E4ACE006EE0E1 /* PBXTargetDependency */,
			);
			name = CitiesTests;
			productName = CitiesTests;
			productReference = 848E7503298E4ACE006EE0E1 /* CitiesTests.xctest */;
			productType = "com.apple.product-type.bundle.unit-test";
		};
		848E750C298E4ACF006EE0E1 /* CitiesUITests */ = {
			isa = PBXNativeTarget;
			buildConfigurationList = 848E751D298E4ACF006EE0E1 /* Build configuration list for PBXNativeTarget "CitiesUITests" */;
			buildPhases = (
				848E7509298E4ACF006EE0E1 /* Sources */,
				848E750A298E4ACF006EE0E1 /* Frameworks */,
				848E750B298E4ACF006EE0E1 /* Resources */,
			);
			buildRules = (
			);
			dependencies = (
				848E750F298E4ACF006EE0E1 /* PBXTargetDependency */,
			);
			name = CitiesUITests;
			productName = CitiesUITests;
			productReference = 848E750D298E4ACF006EE0E1 /* CitiesUITests.xctest */;
			productType = "com.apple.product-type.bundle.ui-testing";
		};
/* End PBXNativeTarget section */

/* Begin PBXProject section */
		848E74EB298E4ACC006EE0E1 /* Project object */ = {
			isa = PBXProject;
			attributes = {
				BuildIndependentTargetsInParallel = 1;
				LastSwiftUpdateCheck = 1420;
				LastUpgradeCheck = 1420;
				TargetAttributes = {
					848E74F2298E4ACC006EE0E1 = {
						CreatedOnToolsVersion = 14.2;
					};
					848E7502298E4ACE006EE0E1 = {
						CreatedOnToolsVersion = 14.2;
						TestTargetID = 848E74F2298E4ACC006EE0E1;
					};
					848E750C298E4ACF006EE0E1 = {
						CreatedOnToolsVersion = 14.2;
						TestTargetID = 848E74F2298E4ACC006EE0E1;
					};
				};
			};
			buildConfigurationList = 848E74EE298E4ACC006EE0E1 /* Build configuration list for PBXProject "Cities" */;
			compatibilityVersion = "Xcode 14.0";
			developmentRegion = en;
			hasScannedForEncodings = 0;
			knownRegions = (
				en,
				Base,
			);
			mainGroup = 848E74EA298E4ACC006EE0E1;
			productRefGroup = 848E74F4298E4ACC006EE0E1 /* Products */;
			projectDirPath = "";
			projectRoot = "";
			targets = (
				848E74F2298E4ACC006EE0E1 /* Cities */,
				848E7502298E4ACE006EE0E1 /* CitiesTests */,
				848E750C298E4ACF006EE0E1 /* CitiesUITests */,
			);
		};
/* End PBXProject section */

/* Begin PBXResourcesBuildPhase section */
		848E74F1298E4ACC006EE0E1 /* Resources */ = {
			isa = PBXResourcesBuildPhase;
			buildActionMask = 2147483647;
			files = (
				848E74FE298E4ACE006EE0E1 /* Preview Assets.xcassets in Resources */,
				848E74FB298E4ACE006EE0E1 /* Assets.xcassets in Resources */,
			);
			runOnlyForDeploymentPostprocessing = 0;
		};
		848E7501298E4ACE006EE0E1 /* Resources */ = {
			isa = PBXResourcesBuildPhase;
			buildActionMask = 2147483647;
			files = (
			);
			runOnlyForDeploymentPostprocessing = 0;
		};
		848E750B298E4ACF006EE0E1 /* Resources */ = {
			isa = PBXResourcesBuildPhase;
			buildActionMask = 2147483647;
			files = (
			);
			runOnlyForDeploymentPostprocessing = 0;
		};
/* End PBXResourcesBuildPhase section */

/* Begin PBXSourcesBuildPhase section */
		848E74EF298E4ACC006EE0E1 /* Sources */ = {
			isa = PBXSourcesBuildPhase;
			buildActionMask = 2147483647;
			files = (
				848E74F9298E4ACC006EE0E1 /* ContentView.swift in Sources */,
				84314D69298EC76400B2E133 /* ViewModel.swift in Sources */,
				848E74F7298E4ACC006EE0E1 /* CitiesApp.swift in Sources */,
			);
			runOnlyForDeploymentPostprocessing = 0;
		};
		848E74FF298E4ACE006EE0E1 /* Sources */ = {
			isa = PBXSourcesBuildPhase;
			buildActionMask = 2147483647;
			files = (
				848E7508298E4ACE006EE0E1 /* CitiesTests.swift in Sources */,
			);
			runOnlyForDeploymentPostprocessing = 0;
		};
		848E7509298E4ACF006EE0E1 /* Sources */ = {
			isa = PBXSourcesBuildPhase;
			buildActionMask = 2147483647;
			files = (
				848E7512298E4ACF006EE0E1 /* CitiesUITests.swift in Sources */,
				848E7514298E4ACF006EE0E1 /* CitiesUITestsLaunchTests.swift in Sources */,
			);
			runOnlyForDeploymentPostprocessing = 0;
		};
/* End PBXSourcesBuildPhase section */

/* Begin PBXTargetDependency section */
		848E7505298E4ACE006EE0E1 /* PBXTargetDependency */ = {
			isa = PBXTargetDependency;
			target = 848E74F2298E4ACC006EE0E1 /* Cities */;
			targetProxy = 848E7504298E4ACE006EE0E1 /* PBXContainerItemProxy */;
		};
		848E750F298E4ACF006EE0E1 /* PBXTargetDependency */ = {
			isa = PBXTargetDependency;
			target = 848E74F2298E4ACC006EE0E1 /* Cities */;
			targetProxy = 848E750E298E4ACF006EE0E1 /* PBXContainerItemProxy */;
		};
/* End PBXTargetDependency section */

/* Begin XCBuildConfiguration section */
		848E7515298E4ACF006EE0E1 /* Debug */ = {
			isa = XCBuildConfiguration;
			buildSettings = {
				ALWAYS_SEARCH_USER_PATHS = NO;
				CLANG_ANALYZER_NONNULL = YES;
				CLANG_ANALYZER_NUMBER_OBJECT_CONVERSION = YES_AGGRESSIVE;
				CLANG_CXX_LANGUAGE_STANDARD = "gnu++20";
				CLANG_ENABLE_MODULES = YES;
				CLANG_ENABLE_OBJC_ARC = YES;
				CLANG_ENABLE_OBJC_WEAK = YES;
				CLANG_WARN_BLOCK_CAPTURE_AUTORELEASING = YES;
				CLANG_WARN_BOOL_CONVERSION = YES;
				CLANG_WARN_COMMA = YES;
				CLANG_WARN_CONSTANT_CONVERSION = YES;
				CLANG_WARN_DEPRECATED_OBJC_IMPLEMENTATIONS = YES;
				CLANG_WARN_DIRECT_OBJC_ISA_USAGE = YES_ERROR;
				CLANG_WARN_DOCUMENTATION_COMMENTS = YES;
				CLANG_WARN_EMPTY_BODY = YES;
				CLANG_WARN_ENUM_CONVERSION = YES;
				CLANG_WARN_INFINITE_RECURSION = YES;
				CLANG_WARN_INT_CONVERSION = YES;
				CLANG_WARN_NON_LITERAL_NULL_CONVERSION = YES;
				CLANG_WARN_OBJC_IMPLICIT_RETAIN_SELF = YES;
				CLANG_WARN_OBJC_LITERAL_CONVERSION = YES;
				CLANG_WARN_OBJC_ROOT_CLASS = YES_ERROR;
				CLANG_WARN_QUOTED_INCLUDE_IN_FRAMEWORK_HEADER = YES;
				CLANG_WARN_RANGE_LOOP_ANALYSIS = YES;
				CLANG_WARN_STRICT_PROTOTYPES = YES;
				CLANG_WARN_SUSPICIOUS_MOVE = YES;
				CLANG_WARN_UNGUARDED_AVAILABILITY = YES_AGGRESSIVE;
				CLANG_WARN_UNREACHABLE_CODE = YES;
				CLANG_WARN__DUPLICATE_METHOD_MATCH = YES;
				COPY_PHASE_STRIP = NO;
				DEBUG_INFORMATION_FORMAT = dwarf;
				ENABLE_STRICT_OBJC_MSGSEND = YES;
				ENABLE_TESTABILITY = YES;
				GCC_C_LANGUAGE_STANDARD = gnu11;
				GCC_DYNAMIC_NO_PIC = NO;
				GCC_NO_COMMON_BLOCKS = YES;
				GCC_OPTIMIZATION_LEVEL = 0;
				GCC_PREPROCESSOR_DEFINITIONS = (
					"DEBUG=1",
					"$(inherited)",
				);
				GCC_WARN_64_TO_32_BIT_CONVERSION = YES;
				GCC_WARN_ABOUT_RETURN_TYPE = YES_ERROR;
				GCC_WARN_UNDECLARED_SELECTOR = YES;
				GCC_WARN_UNINITIALIZED_AUTOS = YES_AGGRESSIVE;
				GCC_WARN_UNUSED_FUNCTION = YES;
				GCC_WARN_UNUSED_VARIABLE = YES;
				IPHONEOS_DEPLOYMENT_TARGET = 16.2;
				MTL_ENABLE_DEBUG_INFO = INCLUDE_SOURCE;
				MTL_FAST_MATH = YES;
				ONLY_ACTIVE_ARCH = YES;
				SDKROOT = iphoneos;
				SWIFT_ACTIVE_COMPILATION_CONDITIONS = DEBUG;
				SWIFT_OPTIMIZATION_LEVEL = "-Onone";
			};
			name = Debug;
		};
		848E7516298E4ACF006EE0E1 /* Release */ = {
			isa = XCBuildConfiguration;
			buildSettings = {
				ALWAYS_SEARCH_USER_PATHS = NO;
				CLANG_ANALYZER_NONNULL = YES;
				CLANG_ANALYZER_NUMBER_OBJECT_CONVERSION = YES_AGGRESSIVE;
				CLANG_CXX_LANGUAGE_STANDARD = "gnu++20";
				CLANG_ENABLE_MODULES = YES;
				CLANG_ENABLE_OBJC_ARC = YES;
				CLANG_ENABLE_OBJC_WEAK = YES;
				CLANG_WARN_BLOCK_CAPTURE_AUTORELEASING = YES;
				CLANG_WARN_BOOL_CONVERSION = YES;
				CLANG_WARN_COMMA = YES;
				CLANG_WARN_CONSTANT_CONVERSION = YES;
				CLANG_WARN_DEPRECATED_OBJC_IMPLEMENTATIONS = YES;
				CLANG_WARN_DIRECT_OBJC_ISA_USAGE = YES_ERROR;
				CLANG_WARN_DOCUMENTATION_COMMENTS = YES;
				CLANG_WARN_EMPTY_BODY = YES;
				CLANG_WARN_ENUM_CONVERSION = YES;
				CLANG_WARN_INFINITE_RECURSION = YES;
				CLANG_WARN_INT_CONVERSION = YES;
				CLANG_WARN_NON_LITERAL_NULL_CONVERSION = YES;
				CLANG_WARN_OBJC_IMPLICIT_RETAIN_SELF = YES;
				CLANG_WARN_OBJC_LITERAL_CONVERSION = YES;
				CLANG_WARN_OBJC_ROOT_CLASS = YES_ERROR;
				CLANG_WARN_QUOTED_INCLUDE_IN_FRAMEWORK_HEADER = YES;
				CLANG_WARN_RANGE_LOOP_ANALYSIS = YES;
				CLANG_WARN_STRICT_PROTOTYPES = YES;
				CLANG_WARN_SUSPICIOUS_MOVE = YES;
				CLANG_WARN_UNGUARDED_AVAILABILITY = YES_AGGRESSIVE;
				CLANG_WARN_UNREACHABLE_CODE = YES;
				CLANG_WARN__DUPLICATE_METHOD_MATCH = YES;
				COPY_PHASE_STRIP = NO;
				DEBUG_INFORMATION_FORMAT = "dwarf-with-dsym";
				ENABLE_NS_ASSERTIONS = NO;
				ENABLE_STRICT_OBJC_MSGSEND = YES;
				GCC_C_LANGUAGE_STANDARD = gnu11;
				GCC_NO_COMMON_BLOCKS = YES;
				GCC_WARN_64_TO_32_BIT_CONVERSION = YES;
				GCC_WARN_ABOUT_RETURN_TYPE = YES_ERROR;
				GCC_WARN_UNDECLARED_SELECTOR = YES;
				GCC_WARN_UNINITIALIZED_AUTOS = YES_AGGRESSIVE;
				GCC_WARN_UNUSED_FUNCTION = YES;
				GCC_WARN_UNUSED_VARIABLE = YES;
				IPHONEOS_DEPLOYMENT_TARGET = 16.2;
				MTL_ENABLE_DEBUG_INFO = NO;
				MTL_FAST_MATH = YES;
				SDKROOT = iphoneos;
				SWIFT_COMPILATION_MODE = wholemodule;
				SWIFT_OPTIMIZATION_LEVEL = "-O";
				VALIDATE_PRODUCT = YES;
			};
			name = Release;
		};
		848E7518298E4ACF006EE0E1 /* Debug */ = {
			isa = XCBuildConfiguration;
			buildSettings = {
				ASSETCATALOG_COMPILER_APPICON_NAME = AppIcon;
				ASSETCATALOG_COMPILER_GLOBAL_ACCENT_COLOR_NAME = AccentColor;
				CODE_SIGN_STYLE = Automatic;
				CURRENT_PROJECT_VERSION = 1;
				DEVELOPMENT_ASSET_PATHS = "\"Cities/Preview Content\"";
				DEVELOPMENT_TEAM = WY4NTQ9VFQ;
				ENABLE_PREVIEWS = YES;
				GENERATE_INFOPLIST_FILE = YES;
				INFOPLIST_KEY_UIApplicationSceneManifest_Generation = YES;
				INFOPLIST_KEY_UIApplicationSupportsIndirectInputEvents = YES;
				INFOPLIST_KEY_UILaunchScreen_Generation = YES;
				INFOPLIST_KEY_UISupportedInterfaceOrientations_iPad = "UIInterfaceOrientationPortrait UIInterfaceOrientationPortraitUpsideDown UIInterfaceOrientationLandscapeLeft UIInterfaceOrientationLandscapeRight";
				INFOPLIST_KEY_UISupportedInterfaceOrientations_iPhone = "UIInterfaceOrientationPortrait UIInterfaceOrientationLandscapeLeft UIInterfaceOrientationLandscapeRight";
				IPHONEOS_DEPLOYMENT_TARGET = 16.2;
				LD_RUNPATH_SEARCH_PATHS = (
					"$(inherited)",
					"@executable_path/Frameworks",
				);
				MARKETING_VERSION = 1.0;
				PRODUCT_BUNDLE_IDENTIFIER = com.hubanau.proj.Cities;
				PRODUCT_NAME = "$(TARGET_NAME)";
				SWIFT_EMIT_LOC_STRINGS = YES;
				SWIFT_VERSION = 5.0;
				TARGETED_DEVICE_FAMILY = "1,2";
			};
			name = Debug;
		};
		848E7519298E4ACF006EE0E1 /* Release */ = {
			isa = XCBuildConfiguration;
			buildSettings = {
				ASSETCATALOG_COMPILER_APPICON_NAME = AppIcon;
				ASSETCATALOG_COMPILER_GLOBAL_ACCENT_COLOR_NAME = AccentColor;
				CODE_SIGN_STYLE = Automatic;
				CURRENT_PROJECT_VERSION = 1;
				DEVELOPMENT_ASSET_PATHS = "\"Cities/Preview Content\"";
				DEVELOPMENT_TEAM = WY4NTQ9VFQ;
				ENABLE_PREVIEWS = YES;
				GENERATE_INFOPLIST_FILE = YES;
				INFOPLIST_KEY_UIApplicationSceneManifest_Generation = YES;
				INFOPLIST_KEY_UIApplicationSupportsIndirectInputEvents = YES;
				INFOPLIST_KEY_UILaunchScreen_Generation = YES;
				INFOPLIST_KEY_UISupportedInterfaceOrientations_iPad = "UIInterfaceOrientationPortrait UIInterfaceOrientationPortraitUpsideDown UIInterfaceOrientationLandscapeLeft UIInterfaceOrientationLandscapeRight";
				INFOPLIST_KEY_UISupportedInterfaceOrientations_iPhone = "UIInterfaceOrientationPortrait UIInterfaceOrientationLandscapeLeft UIInterfaceOrientationLandscapeRight";
				IPHONEOS_DEPLOYMENT_TARGET = 16.2;
				LD_RUNPATH_SEARCH_PATHS = (
					"$(inherited)",
					"@executable_path/Frameworks",
				);
				MARKETING_VERSION = 1.0;
				PRODUCT_BUNDLE_IDENTIFIER = com.hubanau.proj.Cities;
				PRODUCT_NAME = "$(TARGET_NAME)";
				SWIFT_EMIT_LOC_STRINGS = YES;
				SWIFT_VERSION = 5.0;
				TARGETED_DEVICE_FAMILY = "1,2";
			};
			name = Release;
		};
		848E751B298E4ACF006EE0E1 /* Debug */ = {
			isa = XCBuildConfiguration;
			buildSettings = {
				ALWAYS_EMBED_SWIFT_STANDARD_LIBRARIES = YES;
				BUNDLE_LOADER = "$(TEST_HOST)";
				CODE_SIGN_STYLE = Automatic;
				CURRENT_PROJECT_VERSION = 1;
				DEVELOPMENT_TEAM = WY4NTQ9VFQ;
				GENERATE_INFOPLIST_FILE = YES;
				IPHONEOS_DEPLOYMENT_TARGET = 16.2;
				MARKETING_VERSION = 1.0;
				PRODUCT_BUNDLE_IDENTIFIER = com.hubanau.proj.CitiesTests;
				PRODUCT_NAME = "$(TARGET_NAME)";
				SWIFT_EMIT_LOC_STRINGS = NO;
				SWIFT_VERSION = 5.0;
				TARGETED_DEVICE_FAMILY = "1,2";
				TEST_HOST = "$(BUILT_PRODUCTS_DIR)/Cities.app/$(BUNDLE_EXECUTABLE_FOLDER_PATH)/Cities";
			};
			name = Debug;
		};
		848E751C298E4ACF006EE0E1 /* Release */ = {
			isa = XCBuildConfiguration;
			buildSettings = {
				ALWAYS_EMBED_SWIFT_STANDARD_LIBRARIES = YES;
				BUNDLE_LOADER = "$(TEST_HOST)";
				CODE_SIGN_STYLE = Automatic;
				CURRENT_PROJECT_VERSION = 1;
				DEVELOPMENT_TEAM = WY4NTQ9VFQ;
				GENERATE_INFOPLIST_FILE = YES;
				IPHONEOS_DEPLOYMENT_TARGET = 16.2;
				MARKETING_VERSION = 1.0;
				PRODUCT_BUNDLE_IDENTIFIER = com.hubanau.proj.CitiesTests;
				PRODUCT_NAME = "$(TARGET_NAME)";
				SWIFT_EMIT_LOC_STRINGS = NO;
				SWIFT_VERSION = 5.0;
				TARGETED_DEVICE_FAMILY = "1,2";
				TEST_HOST = "$(BUILT_PRODUCTS_DIR)/Cities.app/$(BUNDLE_EXECUTABLE_FOLDER_PATH)/Cities";
			};
			name = Release;
		};
		848E751E298E4ACF006EE0E1 /* Debug */ = {
			isa = XCBuildConfiguration;
			buildSettings = {
				ALWAYS_EMBED_SWIFT_STANDARD_LIBRARIES = YES;
				CODE_SIGN_STYLE = Automatic;
				CURRENT_PROJECT_VERSION = 1;
				DEVELOPMENT_TEAM = WY4NTQ9VFQ;
				GENERATE_INFOPLIST_FILE = YES;
				IPHONEOS_DEPLOYMENT_TARGET = 16.2;
				MARKETING_VERSION = 1.0;
				PRODUCT_BUNDLE_IDENTIFIER = com.hubanau.proj.CitiesUITests;
				PRODUCT_NAME = "$(TARGET_NAME)";
				SWIFT_EMIT_LOC_STRINGS = NO;
				SWIFT_VERSION = 5.0;
				TARGETED_DEVICE_FAMILY = "1,2";
				TEST_TARGET_NAME = Cities;
			};
			name = Debug;
		};
		848E751F298E4ACF006EE0E1 /* Release */ = {
			isa = XCBuildConfiguration;
			buildSettings = {
				ALWAYS_EMBED_SWIFT_STANDARD_LIBRARIES = YES;
				CODE_SIGN_STYLE = Automatic;
				CURRENT_PROJECT_VERSION = 1;
				DEVELOPMENT_TEAM = WY4NTQ9VFQ;
				GENERATE_INFOPLIST_FILE = YES;
				IPHONEOS_DEPLOYMENT_TARGET = 16.2;
				MARKETING_VERSION = 1.0;
				PRODUCT_BUNDLE_IDENTIFIER = com.hubanau.proj.CitiesUITests;
				PRODUCT_NAME = "$(TARGET_NAME)";
				SWIFT_EMIT_LOC_STRINGS = NO;
				SWIFT_VERSION = 5.0;
				TARGETED_DEVICE_FAMILY = "1,2";
				TEST_TARGET_NAME = Cities;
			};
			name = Release;
		};
/* End XCBuildConfiguration section */

/* Begin XCConfigurationList section */
		848E74EE298E4ACC006EE0E1 /* Build configuration list for PBXProject "Cities" */ = {
			isa = XCConfigurationList;
			buildConfigurations = (
				848E7515298E4ACF006EE0E1 /* Debug */,
				848E7516298E4ACF006EE0E1 /* Release */,
			);
			defaultConfigurationIsVisible = 0;
			defaultConfigurationName = Release;
		};
		848E7517298E4ACF006EE0E1 /* Build configuration list for PBXNativeTarget "Cities" */ = {
			isa = XCConfigurationList;
			buildConfigurations = (
				848E7518298E4ACF006EE0E1 /* Debug */,
				848E7519298E4ACF006EE0E1 /* Release */,
			);
			defaultConfigurationIsVisible = 0;
			defaultConfigurationName = Release;
		};
		848E751A298E4ACF006EE0E1 /* Build configuration list for PBXNativeTarget "CitiesTests" */ = {
			isa = XCConfigurationList;
			buildConfigurations = (
				848E751B298E4ACF006EE0E1 /* Debug */,
				848E751C298E4ACF006EE0E1 /* Release */,
			);
			defaultConfigurationIsVisible = 0;
			defaultConfigurationName = Release;
		};
		848E751D298E4ACF006EE0E1 /* Build configuration list for PBXNativeTarget "CitiesUITests" */ = {
			isa = XCConfigurationList;
			buildConfigurations = (
				848E751E298E4ACF006EE0E1 /* Debug */,
				848E751F298E4ACF006EE0E1 /* Release */,
			);
			defaultConfigurationIsVisible = 0;
			defaultConfigurationName = Release;
		};
/* End XCConfigurationList section */
	};
	rootObject = 848E74EB298E4ACC006EE0E1 /* Project object */;
}
